
Microsoft Visual Studio Solution File, Format Version 12.00
# Visual Studio Version 16
VisualStudioVersion = 16.0.31205.134
MinimumVisualStudioVersion = 10.0.40219.1
Project("{FAE04EC0-301F-11D3-BF4B-00C04F79EFBC}") = "PartialClasses", "PartialClasses.csproj", "{3354577A-9808-4506-9D89-9CDA63E31BB6}"
EndProject
Global
	GlobalSection(SolutionConfigurationPlatforms) = preSolution
		Debug|Any CPU = Debug|Any CPU
		Release|Any CPU = Release|Any CPU
	EndGlobalSection
	GlobalSection(ProjectConfigurationPlatforms) = postSolution
		{3354577A-9808-4506-9D89-9CDA63E31BB6}.Debug|Any CPU.ActiveCfg = Debug|Any CPU
		{3354577A-9808-4506-9D89-9CDA63E31BB6}.Debug|Any CPU.Build.0 = Debug|Any CPU
		{3354577A-9808-4506-9D89-9CDA63E31BB6}.Release|Any CPU.ActiveCfg = Release|Any CPU
		{3354577A-9808-4506-9D89-9CDA63E31BB6}.Release|Any CPU.Build.0 = Release|Any CPU
	EndGlobalSection
	GlobalSection(SolutionProperties) = preSolution
		HideSolutionNode = FALSE
	EndGlobalSection
	GlobalSection(ExtensibilityGlobals) = postSolution
		SolutionGuid = {D3D10D49-B7CE-46C5-81B8-7E36DE895630}
	EndGlobalSection
EndGlobal
